{
  "name": "word",
  "version": "1.0.0",
  "lockfileVersion": 1,
  "requires": true,
  "dependencies": {
    "docxtemplater": {
      "version": "3.16.11",
      "resolved": "https://registry.npmjs.org/docxtemplater/-/docxtemplater-3.16.11.tgz",
      "integrity": "sha512-LhcQ2ngKyFDFQPdd3qyou85cadwtpPkqaSQ/oQ3jWByqvXxmJh1vHN26sGtnCYqrLAVawX18L1lOqJ9OtMQs0A==",
      "requires": {
        "xmldom": "^0.2.1"
      }
    },
    "pako": {
      "version": "1.0.11",
      "resolved": "https://registry.npmjs.org/pako/-/pako-1.0.11.tgz",
      "integrity": "sha512-4hLB8Py4zZce5s4yd9XzopqwVv/yGNhV1Bl8NTmCq1763HeK2+EwVTv+leGeL13Dnh2wfbqowVPXCIO0z4taYw=="
    },
    "pizzip": {
      "version": "3.0.6",
      "resolved": "https://registry.npmjs.org/pizzip/-/pizzip-3.0.6.tgz",
      "integrity": "sha512-CYmQJQ6ShNhScp2zrpGetRfamQ2CtUdsfcXaauqsQ0h/HVdQTTlHNUaNzMO0i+l8XTNctHJ6PrmFP+YZoF4iZw==",
      "requires": {
        "pako": "~1.0.2"
      }
    },
    "xmldom": {
      "version": "0.2.1",
      "resolved": "https://registry.npmjs.org/xmldom/-/xmldom-0.2.1.tgz",
      "integrity": "sha512-kXXiYvmblIgEemGeB75y97FyaZavx6SQhGppLw5TKWAD2Wd0KAly0g23eVLh17YcpxZpnFym1Qk/eaRjy1APPg=="
    }
  }
}
